{
  "name": "mtgruling-com",
  "version": "0.1.0",
  "lockfileVersion": 3,
  "requires": true,
  "packages": {
    "": {
      "name": "mtgruling-com",
      "version": "0.1.0",
      "devDependencies": {
        "@babel/standalone": "^7.24.0"
      }
    },
    "node_modules/@babel/standalone": {
      "version": "7.29.4",
      "resolved": "https://registry.npmjs.org/@babel/standalone/-/standalone-7.29.4.tgz",
      "integrity": "sha512-QuPlodN3HBcX/HcKRz0fkpr8hmqhY+OKwX89h/vBVKuSat5ohvZw4XGNwfF1LtwScmp5ILBAO7puXwJDcMEtJQ==",
      "dev": true,
      "license": "MIT",
      "engines": {
        "node": ">=6.9.0"
      }
    }
  }
}
